
Microsoft Visual Studio Solution File, Format Version 12.00
# Visual Studio Version 16
VisualStudioVersion = 16.0.31613.86
MinimumVisualStudioVersion = 10.0.40219.1
Project("{FAE04EC0-301F-11D3-BF4B-00C04F79EFBC}") = "Homework_06", "Homework_06.csproj", "{EEF29EFE-CBCC-4073-99BD-80B1AA57DEC3}"
EndProject
Global
	GlobalSection(SolutionConfigurationPlatforms) = preSolution
		Debug|Any CPU = Debug|Any CPU
		Release|Any CPU = Release|Any CPU
	EndGlobalSection
	GlobalSection(ProjectConfigurationPlatforms) = postSolution
		{EEF29EFE-CBCC-4073-99BD-80B1AA57DEC3}.Debug|Any CPU.ActiveCfg = Debug|Any CPU
		{EEF29EFE-CBCC-4073-99BD-80B1AA57DEC3}.Debug|Any CPU.Build.0 = Debug|Any CPU
		{EEF29EFE-CBCC-4073-99BD-80B1AA57DEC3}.Release|Any CPU.ActiveCfg = Release|Any CPU
		{EEF29EFE-CBCC-4073-99BD-80B1AA57DEC3}.Release|Any CPU.Build.0 = Release|Any CPU
	EndGlobalSection
	GlobalSection(SolutionProperties) = preSolution
		HideSolutionNode = FALSE
	EndGlobalSection
	GlobalSection(ExtensibilityGlobals) = postSolution
		SolutionGuid = {700C2C66-63D8-4292-811C-B7730910CB88}
	EndGlobalSection
EndGlobal
